# This file is automatically @generated by Cargo.
# It is not intended for manual editing.
version = 4

[[package]]
name = "advanced_trait_counter"
version = "0.1.0"

[[package]]
name = "array"
version = "0.1.0"

[[package]]
name = "associated_fn"
version = "0.1.0"

[[package]]
name = "backyard"
version = "0.1.0"

[[package]]
name = "ch_struct"
version = "0.1.0"

[[package]]
name = "collection_map"
version = "0.1.0"

[[package]]
name = "collection_string"
version = "0.1.0"

[[package]]
name = "collection_vector"
version = "0.1.0"

[[package]]
name = "concurrent_channel"
version = "0.1.0"

[[package]]
name = "concurrent_more_producer"
version = "0.1.0"

[[package]]
name = "concurrent_more_tx"
version = "0.1.0"

[[package]]
name = "concurrent_move"
version = "0.1.0"

[[package]]
name = "concurrent_mutex"
version = "0.1.0"

[[package]]
name = "concurrent_mutex_thead"
version = "0.1.0"

[[package]]
name = "concurrent_thread"
version = "0.1.0"

[[package]]
name = "control_if"
version = "0.1.0"

[[package]]
name = "data_type"
version = "0.1.0"

[[package]]
name = "enum_concept"
version = "0.1.0"

[[package]]
name = "error_panic"
version = "0.1.0"

[[package]]
name = "error_prop"
version = "0.1.0"

[[package]]
name = "error_prop_simple"
version = "0.1.0"

[[package]]
name = "error_result"
version = "0.1.0"

[[package]]
name = "functional_give_shirt"
version = "0.1.0"

[[package]]
name = "functional_only_borrow"
version = "0.1.0"

[[package]]
name = "functional_sort"
version = "0.1.0"

[[package]]
name = "functions"
version = "0.1.0"

[[package]]
name = "generics_largest"
version = "0.1.0"

[[package]]
name = "generics_method"
version = "0.1.0"

[[package]]
name = "generics_mixup"
version = "0.1.0"

[[package]]
name = "generics_struct"
version = "0.1.0"

[[package]]
name = "hello_world"
version = "0.1.0"

[[package]]
name = "if_let"
version = "0.1.0"

[[package]]
name = "iter_for"
version = "0.1.0"

[[package]]
name = "iter_shoe"
version = "0.1.0"

[[package]]
name = "lifetime_dangling"
version = "0.1.0"

[[package]]
name = "lifetime_fn_new"
version = "0.1.0"

[[package]]
name = "lifetime_longest"
version = "0.1.0"

[[package]]
name = "lifetime_struct"
version = "0.1.0"

[[package]]
name = "longest_all"
version = "0.1.0"

[[package]]
name = "loop_for"
version = "0.1.0"

[[package]]
name = "loop_label"
version = "0.1.0"

[[package]]
name = "loop_while"
version = "0.1.0"

[[package]]
name = "loops"
version = "0.1.0"

[[package]]
name = "macro_attr"
version = "0.1.0"

[[package]]
name = "macro_hello"
version = "0.1.0"
dependencies = [
 "macro_hello_derive",
]

[[package]]
name = "macro_hello_derive"
version = "0.1.0"
dependencies = [
 "quote",
 "syn",
]

[[package]]
name = "macro_vec"
version = "0.1.0"

[[package]]
name = "match_coin"
version = "0.1.0"

[[package]]
name = "match_option"
version = "0.1.0"

[[package]]
name = "match_other"
version = "0.1.0"

[[package]]
name = "minigrep"
version = "0.1.0"

[[package]]
name = "minigrep_iter"
version = "0.1.0"

[[package]]
name = "object_averaged_collection"
version = "0.1.0"

[[package]]
name = "ownership_func"
version = "0.1.0"

[[package]]
name = "ownership_ref"
version = "0.1.0"

[[package]]
name = "ownership_return"
version = "0.1.0"

[[package]]
name = "ownership_slice"
version = "0.1.0"

[[package]]
name = "ownership_string"
version = "0.1.0"

[[package]]
name = "ownership_var"
version = "0.1.0"

[[package]]
name = "pattern_at"
version = "0.1.0"

[[package]]
name = "pattern_const"
version = "0.1.0"

[[package]]
name = "pattern_enum"
version = "0.1.0"

[[package]]
name = "pattern_enum_struct"
version = "0.1.0"

[[package]]
name = "pattern_enum_tuple"
version = "0.1.0"

[[package]]
name = "pattern_fn"
version = "0.1.0"

[[package]]
name = "pattern_for"
version = "0.1.0"

[[package]]
name = "pattern_if"
version = "0.1.0"

[[package]]
name = "pattern_if_let"
version = "0.1.0"

[[package]]
name = "pattern_ignore"
version = "0.1.0"

[[package]]
name = "pattern_let"
version = "0.1.0"

[[package]]
name = "pattern_let_some"
version = "0.1.0"

[[package]]
name = "pattern_struct"
version = "0.1.0"

[[package]]
name = "pattern_var"
version = "0.1.0"

[[package]]
name = "pattern_while_let"
version = "0.1.0"

[[package]]
name = "pointer_box"
version = "0.1.0"

[[package]]
name = "pointer_cons"
version = "0.1.0"

[[package]]
name = "pointer_cons_rc"
version = "0.1.0"

[[package]]
name = "pointer_cons_refcell"
version = "0.1.0"

[[package]]
name = "pointer_cycles"
version = "0.1.0"

[[package]]
name = "pointer_deref"
version = "0.1.0"

[[package]]
name = "pointer_deref_operator"
version = "0.1.0"

[[package]]
name = "pointer_drop"
version = "0.1.0"

[[package]]
name = "pointer_limit"
version = "0.1.0"

[[package]]
name = "pointer_my_box"
version = "0.1.0"

[[package]]
name = "pointer_node"
version = "0.1.0"

[[package]]
name = "pointer_refcell"
version = "0.1.0"

[[package]]
name = "proc-macro2"
version = "1.0.101"
source = "registry+https://github.com/rust-lang/crates.io-index"
checksum = "89ae43fd86e4158d6db51ad8e2b80f313af9cc74f5c0e03ccb87de09998732de"
dependencies = [
 "unicode-ident",
]

[[package]]
name = "quote"
version = "1.0.40"
source = "registry+https://github.com/rust-lang/crates.io-index"
checksum = "1885c039570dc00dcb4ff087a89e185fd56bae234ddc7f056a945bf36467248d"
dependencies = [
 "proc-macro2",
]

[[package]]
name = "rectangles"
version = "0.1.0"

[[package]]
name = "restaurant"
version = "0.1.0"

[[package]]
name = "server_hello"
version = "0.1.0"

[[package]]
name = "shadowing"
version = "0.1.0"

[[package]]
name = "struce_empty"
version = "0.1.0"

[[package]]
name = "struct_tuple"
version = "0.1.0"

[[package]]
name = "struct_update"
version = "0.1.0"

[[package]]
name = "syn"
version = "2.0.106"
source = "registry+https://github.com/rust-lang/crates.io-index"
checksum = "ede7c438028d4436d71104916910f5bb611972c5cfd7f89b8300a8186e6fada6"
dependencies = [
 "proc-macro2",
 "quote",
 "unicode-ident",
]

[[package]]
name = "test_add"
version = "0.1.0"

[[package]]
name = "test_integration"
version = "0.1.0"

[[package]]
name = "test_rectangle"
version = "0.1.0"

[[package]]
name = "trait_pair"
version = "0.1.0"

[[package]]
name = "trait_summary"
version = "0.1.0"

[[package]]
name = "tuple"
version = "0.1.0"

[[package]]
name = "unicode-ident"
version = "1.0.18"
source = "registry+https://github.com/rust-lang/crates.io-index"
checksum = "5a5f39404a5da50712a4c1eecf25e90dd62b613502b7e925fd4e4d19b5c96512"

[[package]]
name = "unsafe_extern"
version = "0.1.0"

[[package]]
name = "unsafe_func"
version = "0.1.0"

[[package]]
name = "unsafe_pointer"
version = "0.1.0"

[[package]]
name = "unsafe_split_mut"
version = "0.1.0"

[[package]]
name = "unsafe_static"
version = "0.1.0"

[[package]]
name = "unsafe_static_counter"
version = "0.1.0"

[[package]]
name = "unsafe_trait"
version = "0.1.0"

[[package]]
name = "var"
version = "0.1.0"
